
Microsoft Visual Studio Solution File, Format Version 12.00
# Visual Studio Version 16
VisualStudioVersion = 16.0.30804.86
MinimumVisualStudioVersion = 10.0.40219.1
Project("{9A19103F-16F7-4668-BE54-9A1E7A4F7556}") = "DonateKartAssignment", "DonatekartAPI\DonateKartAssignment.csproj", "{182F8ACB-B182-4B14-9A5C-5D8E2B3E96BF}"
EndProject
Project("{9A19103F-16F7-4668-BE54-9A1E7A4F7556}") = "DonateKartBusiness", "DonateKartBusiness\DonateKartBusiness.csproj", "{C0735CBE-88BA-4BC9-B22E-019845FF9F8F}"
EndProject
Project("{9A19103F-16F7-4668-BE54-9A1E7A4F7556}") = "DonatekartModel", "DonatekartModel\DonatekartModel.csproj", "{509E359D-39F8-4B31-BC51-B2B42FED356A}"
EndProject
Project("{9A19103F-16F7-4668-BE54-9A1E7A4F7556}") = "DonatekartRepo", "DonatekartRepo\DonatekartRepo.csproj", "{18B1D599-C8BD-4D0F-AE9C-D79236197125}"
EndProject
Global
	GlobalSection(SolutionConfigurationPlatforms) = preSolution
		Debug|Any CPU = Debug|Any CPU
		Release|Any CPU = Release|Any CPU
	EndGlobalSection
	GlobalSection(ProjectConfigurationPlatforms) = postSolution
		{182F8ACB-B182-4B14-9A5C-5D8E2B3E96BF}.Debug|Any CPU.ActiveCfg = Debug|Any CPU
		{182F8ACB-B182-4B14-9A5C-5D8E2B3E96BF}.Debug|Any CPU.Build.0 = Debug|Any CPU
		{182F8ACB-B182-4B14-9A5C-5D8E2B3E96BF}.Release|Any CPU.ActiveCfg = Release|Any CPU
		{182F8ACB-B182-4B14-9A5C-5D8E2B3E96BF}.Release|Any CPU.Build.0 = Release|Any CPU
		{C0735CBE-88BA-4BC9-B22E-019845FF9F8F}.Debug|Any CPU.ActiveCfg = Debug|Any CPU
		{C0735CBE-88BA-4BC9-B22E-019845FF9F8F}.Debug|Any CPU.Build.0 = Debug|Any CPU
		{C0735CBE-88BA-4BC9-B22E-019845FF9F8F}.Release|Any CPU.ActiveCfg = Release|Any CPU
		{C0735CBE-88BA-4BC9-B22E-019845FF9F8F}.Release|Any CPU.Build.0 = Release|Any CPU
		{509E359D-39F8-4B31-BC51-B2B42FED356A}.Debug|Any CPU.ActiveCfg = Debug|Any CPU
		{509E359D-39F8-4B31-BC51-B2B42FED356A}.Debug|Any CPU.Build.0 = Debug|Any CPU
		{509E359D-39F8-4B31-BC51-B2B42FED356A}.Release|Any CPU.ActiveCfg = Release|Any CPU
		{509E359D-39F8-4B31-BC51-B2B42FED356A}.Release|Any CPU.Build.0 = Release|Any CPU
		{18B1D599-C8BD-4D0F-AE9C-D79236197125}.Debug|Any CPU.ActiveCfg = Debug|Any CPU
		{18B1D599-C8BD-4D0F-AE9C-D79236197125}.Debug|Any CPU.Build.0 = Debug|Any CPU
		{18B1D599-C8BD-4D0F-AE9C-D79236197125}.Release|Any CPU.ActiveCfg = Release|Any CPU
		{18B1D599-C8BD-4D0F-AE9C-D79236197125}.Release|Any CPU.Build.0 = Release|Any CPU
	EndGlobalSection
	GlobalSection(SolutionProperties) = preSolution
		HideSolutionNode = FALSE
	EndGlobalSection
	GlobalSection(ExtensibilityGlobals) = postSolution
		SolutionGuid = {0E966DE3-9774-4D4C-B694-EEFA636B190C}
	EndGlobalSection
EndGlobal
