
Microsoft Visual Studio Solution File, Format Version 12.00
# Visual Studio Version 16
VisualStudioVersion = 16.0.30804.86
MinimumVisualStudioVersion = 10.0.40219.1
Project("{9A19103F-16F7-4668-BE54-9A1E7A4F7556}") = "DonateKartAssignment", "DonateKartAssignment.csproj", "{94A56B88-0AC1-4414-A0D0-A2097376D95E}"
EndProject
Project("{9A19103F-16F7-4668-BE54-9A1E7A4F7556}") = "DonateKartBusiness", "..\DonateKartBusiness\DonateKartBusiness.csproj", "{59AF4D8A-85DE-429C-B17C-EE874101327B}"
EndProject
Project("{9A19103F-16F7-4668-BE54-9A1E7A4F7556}") = "DonatekartModel", "..\DonatekartModel\DonatekartModel.csproj", "{3EC2DF27-8FF1-4EF6-B380-0F0107691861}"
EndProject
Project("{9A19103F-16F7-4668-BE54-9A1E7A4F7556}") = "DonatekartRepo", "..\DonatekartRepo\DonatekartRepo.csproj", "{C3292EF8-EEC3-4941-83F1-BE3206ECCA46}"
EndProject
Global
	GlobalSection(SolutionConfigurationPlatforms) = preSolution
		Debug|Any CPU = Debug|Any CPU
		Release|Any CPU = Release|Any CPU
	EndGlobalSection
	GlobalSection(ProjectConfigurationPlatforms) = postSolution
		{94A56B88-0AC1-4414-A0D0-A2097376D95E}.Debug|Any CPU.ActiveCfg = Debug|Any CPU
		{94A56B88-0AC1-4414-A0D0-A2097376D95E}.Debug|Any CPU.Build.0 = Debug|Any CPU
		{94A56B88-0AC1-4414-A0D0-A2097376D95E}.Release|Any CPU.ActiveCfg = Release|Any CPU
		{94A56B88-0AC1-4414-A0D0-A2097376D95E}.Release|Any CPU.Build.0 = Release|Any CPU
		{59AF4D8A-85DE-429C-B17C-EE874101327B}.Debug|Any CPU.ActiveCfg = Debug|Any CPU
		{59AF4D8A-85DE-429C-B17C-EE874101327B}.Debug|Any CPU.Build.0 = Debug|Any CPU
		{59AF4D8A-85DE-429C-B17C-EE874101327B}.Release|Any CPU.ActiveCfg = Release|Any CPU
		{59AF4D8A-85DE-429C-B17C-EE874101327B}.Release|Any CPU.Build.0 = Release|Any CPU
		{3EC2DF27-8FF1-4EF6-B380-0F0107691861}.Debug|Any CPU.ActiveCfg = Debug|Any CPU
		{3EC2DF27-8FF1-4EF6-B380-0F0107691861}.Debug|Any CPU.Build.0 = Debug|Any CPU
		{3EC2DF27-8FF1-4EF6-B380-0F0107691861}.Release|Any CPU.ActiveCfg = Release|Any CPU
		{3EC2DF27-8FF1-4EF6-B380-0F0107691861}.Release|Any CPU.Build.0 = Release|Any CPU
		{C3292EF8-EEC3-4941-83F1-BE3206ECCA46}.Debug|Any CPU.ActiveCfg = Debug|Any CPU
		{C3292EF8-EEC3-4941-83F1-BE3206ECCA46}.Debug|Any CPU.Build.0 = Debug|Any CPU
		{C3292EF8-EEC3-4941-83F1-BE3206ECCA46}.Release|Any CPU.ActiveCfg = Release|Any CPU
		{C3292EF8-EEC3-4941-83F1-BE3206ECCA46}.Release|Any CPU.Build.0 = Release|Any CPU
	EndGlobalSection
	GlobalSection(SolutionProperties) = preSolution
		HideSolutionNode = FALSE
	EndGlobalSection
	GlobalSection(ExtensibilityGlobals) = postSolution
		SolutionGuid = {0E966DE3-9774-4D4C-B694-EEFA636B190C}
	EndGlobalSection
EndGlobal
